<?xml version="1.0" encoding="utf-8"?>
<Project ToolsVersion="4.0" xmlns="http://schemas.microsoft.com/developer/msbuild/2003">
  <ItemGroup>
    <Filter Include="App" />
    <Filter Include="Assets\Unused\Sounds" />
    <Filter Include="Audio" />
    <Filter Include="EditorScene" />
    <Filter Include="EditorScene\Submodules" />
    <Filter Include="Examples" />
    <Filter Include="Examples\ColoredCube" />
    <Filter Include="Examples\ColoredCube\App" />
    <Filter Include="Examples\ColoredCube\GameFlow" />
    <Filter Include="Examples\ColoredCube\GameScene" />
    <Filter Include="Examples\ColoredCube\GameScene\Examples" />
    <Filter Include="GameFlow" />
    <Filter Include="GameScene" />
    <Filter Include="GameScene\FingerDrumLogoScene" />
    <Filter Include="GameScene\FingerDrumLogoScene\Submodules" />
    <Filter Include="GameScene\MusicSelectScene" />
    <Filter Include="GameScene\MusicSelectScene\Submodules" />
    <Filter Include="GameScene\RhythmTestScene" />
    <Filter Include="GameScene\RhythmTestScene\Submodules" />
    <Filter Include="Presentation" />
    <Filter Include="Texts" />
    <Filter Include="Texts\EditorScene" />
    <Filter Include="Texts\GameScene" />
    <Filter Include="Texts\GameScene\FingerDrumLogoScene" />
    <Filter Include="Texts\GameScene\MusicSelectScene" />
    <Filter Include="Texts\GameScene\RhythmTestScene" />
    <Filter Include="Texts\Options" />
    <ClInclude Include="App\AssetPaths.h"><Filter>App</Filter></ClInclude>
    <ClCompile Include="App\FingerDrumGame.cpp"><Filter>App</Filter></ClCompile>
    <ClInclude Include="App\FingerDrumGame.h"><Filter>App</Filter></ClInclude>
    <ClCompile Include="App\Main.cpp"><Filter>App</Filter></ClCompile>
    <ClCompile Include="Audio\GameplayAudioRouter.cpp"><Filter>Audio</Filter></ClCompile>
    <ClInclude Include="Audio\GameplayAudioRouter.h"><Filter>Audio</Filter></ClInclude>
    <ClCompile Include="EditorScene\EditorScene.cpp"><Filter>EditorScene</Filter></ClCompile>
    <ClInclude Include="EditorScene\EditorScene.h"><Filter>EditorScene</Filter></ClInclude>
    <ClCompile Include="EditorScene\Submodules\EditorAnalysisController.cpp"><Filter>EditorScene\Submodules</Filter></ClCompile>
    <ClInclude Include="EditorScene\Submodules\EditorAnalysisController.h"><Filter>EditorScene\Submodules</Filter></ClInclude>
    <ClCompile Include="EditorScene\Submodules\EditorAudioView.cpp"><Filter>EditorScene\Submodules</Filter></ClCompile>
    <ClCompile Include="EditorScene\Submodules\EditorEffectsView.cpp"><Filter>EditorScene\Submodules</Filter></ClCompile>
    <ClCompile Include="EditorScene\Submodules\EditorInput.cpp"><Filter>EditorScene\Submodules</Filter></ClCompile>
    <ClCompile Include="EditorScene\Submodules\EditorMetadataView.cpp"><Filter>EditorScene\Submodules</Filter></ClCompile>
    <ClCompile Include="EditorScene\Submodules\EditorScoreView.cpp"><Filter>EditorScene\Submodules</Filter></ClCompile>
    <ClInclude Include="EditorScene\Submodules\EditorSupport.h"><Filter>EditorScene\Submodules</Filter></ClInclude>
    <ClCompile Include="EditorScene\Submodules\EditorTextDialog.cpp"><Filter>EditorScene\Submodules</Filter></ClCompile>
    <ClCompile Include="EditorScene\Submodules\EditorTimingView.cpp"><Filter>EditorScene\Submodules</Filter></ClCompile>
    <ClInclude Include="EditorScene\Submodules\EditorTool.h"><Filter>EditorScene\Submodules</Filter></ClInclude>
    <ClCompile Include="EditorScene\Submodules\EditorView.cpp"><Filter>EditorScene\Submodules</Filter></ClCompile>
    <ClInclude Include="EditorScene\Submodules\EditorView.h"><Filter>EditorScene\Submodules</Filter></ClInclude>
    <ClInclude Include="EditorScene\Submodules\EditorVisual.h"><Filter>EditorScene\Submodules</Filter></ClInclude>
    <ClCompile Include="EditorScene\Submodules\EditorWorkspace.cpp"><Filter>EditorScene\Submodules</Filter></ClCompile>
    <ClInclude Include="EditorScene\Submodules\EditorWorkspace.h"><Filter>EditorScene\Submodules</Filter></ClInclude>
    <ClCompile Include="Examples\ColoredCube\App\ColoredCubeGame.cpp"><Filter>Examples\ColoredCube\App</Filter></ClCompile>
    <ClInclude Include="Examples\ColoredCube\App\ColoredCubeGame.h"><Filter>Examples\ColoredCube\App</Filter></ClInclude>
    <ClInclude Include="Examples\ColoredCube\GameFlow\SceneIds.h"><Filter>Examples\ColoredCube\GameFlow</Filter></ClInclude>
    <ClCompile Include="Examples\ColoredCube\GameScene\BlankScene.cpp"><Filter>Examples\ColoredCube\GameScene</Filter></ClCompile>
    <ClInclude Include="Examples\ColoredCube\GameScene\BlankScene.h"><Filter>Examples\ColoredCube\GameScene</Filter></ClInclude>
    <ClCompile Include="Examples\ColoredCube\GameScene\ColoredCubeScene.cpp"><Filter>Examples\ColoredCube\GameScene</Filter></ClCompile>
    <ClInclude Include="Examples\ColoredCube\GameScene\ColoredCubeScene.h"><Filter>Examples\ColoredCube\GameScene</Filter></ClInclude>
    <ClCompile Include="Examples\ColoredCube\GameScene\Examples\CollisionExampleScene.cpp"><Filter>Examples\ColoredCube\GameScene\Examples</Filter></ClCompile>
    <ClInclude Include="Examples\ColoredCube\GameScene\Examples\CollisionExampleScene.h"><Filter>Examples\ColoredCube\GameScene\Examples</Filter></ClInclude>
    <ClCompile Include="Examples\ColoredCube\GameScene\Examples\MeshExampleScene.cpp"><Filter>Examples\ColoredCube\GameScene\Examples</Filter></ClCompile>
    <ClInclude Include="Examples\ColoredCube\GameScene\Examples\MeshExampleScene.h"><Filter>Examples\ColoredCube\GameScene\Examples</Filter></ClInclude>
    <ClCompile Include="Examples\ColoredCube\GameScene\Examples\WidgetExampleScene.cpp"><Filter>Examples\ColoredCube\GameScene\Examples</Filter></ClCompile>
    <ClInclude Include="Examples\ColoredCube\GameScene\Examples\WidgetExampleScene.h"><Filter>Examples\ColoredCube\GameScene\Examples</Filter></ClInclude>
    <ClInclude Include="GameFlow\FingerDrumSceneIds.h"><Filter>GameFlow</Filter></ClInclude>
    <ClInclude Include="GameFlow\GameplayLaunchRequest.h"><Filter>GameFlow</Filter></ClInclude>
    <ClInclude Include="GameFlow\GameplayLaunchStore.h"><Filter>GameFlow</Filter></ClInclude>
    <ClCompile Include="GameScene\FingerDrumLogoScene\FingerDrumLogoScene.cpp"><Filter>GameScene\FingerDrumLogoScene</Filter></ClCompile>
    <ClInclude Include="GameScene\FingerDrumLogoScene\FingerDrumLogoScene.h"><Filter>GameScene\FingerDrumLogoScene</Filter></ClInclude>
    <ClCompile Include="GameScene\FingerDrumLogoScene\Submodules\LogoInput.cpp"><Filter>GameScene\FingerDrumLogoScene\Submodules</Filter></ClCompile>
    <ClCompile Include="GameScene\FingerDrumLogoScene\Submodules\LogoLayout.cpp"><Filter>GameScene\FingerDrumLogoScene\Submodules</Filter></ClCompile>
    <ClInclude Include="GameScene\FingerDrumLogoScene\Submodules\LogoStyle.h"><Filter>GameScene\FingerDrumLogoScene\Submodules</Filter></ClInclude>
    <ClCompile Include="GameScene\FingerDrumLogoScene\Submodules\LogoView.cpp"><Filter>GameScene\FingerDrumLogoScene\Submodules</Filter></ClCompile>
    <ClInclude Include="GameScene\FingerDrumLogoScene\Submodules\LogoView.h"><Filter>GameScene\FingerDrumLogoScene\Submodules</Filter></ClInclude>
    <ClCompile Include="GameScene\MusicSelectScene\MusicSelectScene.cpp"><Filter>GameScene\MusicSelectScene</Filter></ClCompile>
    <ClInclude Include="GameScene\MusicSelectScene\MusicSelectScene.h"><Filter>GameScene\MusicSelectScene</Filter></ClInclude>
    <ClCompile Include="GameScene\MusicSelectScene\Submodules\MusicSelectView.cpp"><Filter>GameScene\MusicSelectScene\Submodules</Filter></ClCompile>
    <ClInclude Include="GameScene\MusicSelectScene\Submodules\MusicSelectView.h"><Filter>GameScene\MusicSelectScene\Submodules</Filter></ClInclude>
    <ClCompile Include="GameScene\MusicSelectScene\Submodules\SongPreviewController.cpp"><Filter>GameScene\MusicSelectScene\Submodules</Filter></ClCompile>
    <ClInclude Include="GameScene\MusicSelectScene\Submodules\SongPreviewController.h"><Filter>GameScene\MusicSelectScene\Submodules</Filter></ClInclude>
    <ClCompile Include="GameScene\MusicSelectScene\Submodules\SongSelectCards.cpp"><Filter>GameScene\MusicSelectScene\Submodules</Filter></ClCompile>
    <ClCompile Include="GameScene\MusicSelectScene\Submodules\SongSelectInput.cpp"><Filter>GameScene\MusicSelectScene\Submodules</Filter></ClCompile>
    <ClInclude Include="GameScene\MusicSelectScene\Submodules\SongSelectionState.h"><Filter>GameScene\MusicSelectScene\Submodules</Filter></ClInclude>
    <ClInclude Include="GameScene\MusicSelectScene\Submodules\SongSelectionText.h"><Filter>GameScene\MusicSelectScene\Submodules</Filter></ClInclude>
    <ClCompile Include="GameScene\MusicSelectScene\Submodules\SongSelectLayout.cpp"><Filter>GameScene\MusicSelectScene\Submodules</Filter></ClCompile>
    <ClInclude Include="GameScene\MusicSelectScene\Submodules\SongSelectLayout.h"><Filter>GameScene\MusicSelectScene\Submodules</Filter></ClInclude>
    <ClCompile Include="GameScene\MusicSelectScene\Submodules\SongSelectPanels.cpp"><Filter>GameScene\MusicSelectScene\Submodules</Filter></ClCompile>
    <ClInclude Include="GameScene\MusicSelectScene\Submodules\SongSelectPurpose.h"><Filter>GameScene\MusicSelectScene\Submodules</Filter></ClInclude>
    <ClCompile Include="GameScene\RhythmTestScene\RhythmTestScene.cpp"><Filter>GameScene\RhythmTestScene</Filter></ClCompile>
    <ClInclude Include="GameScene\RhythmTestScene\RhythmTestScene.h"><Filter>GameScene\RhythmTestScene</Filter></ClInclude>
    <ClCompile Include="GameScene\RhythmTestScene\Submodules\GameplayAudio.cpp"><Filter>GameScene\RhythmTestScene\Submodules</Filter></ClCompile>
    <ClInclude Include="GameScene\RhythmTestScene\Submodules\GameplayFeedback.h"><Filter>GameScene\RhythmTestScene\Submodules</Filter></ClInclude>
    <ClCompile Include="GameScene\RhythmTestScene\Submodules\GameplayFeedbackVisuals.cpp"><Filter>GameScene\RhythmTestScene\Submodules</Filter></ClCompile>
    <ClCompile Include="GameScene\RhythmTestScene\Submodules\GameplayInput.cpp"><Filter>GameScene\RhythmTestScene\Submodules</Filter></ClCompile>
    <ClCompile Include="GameScene\RhythmTestScene\Submodules\GameplayKeys.cpp"><Filter>GameScene\RhythmTestScene\Submodules</Filter></ClCompile>
    <ClCompile Include="GameScene\RhythmTestScene\Submodules\GameplayLayout.cpp"><Filter>GameScene\RhythmTestScene\Submodules</Filter></ClCompile>
    <ClCompile Include="GameScene\RhythmTestScene\Submodules\GameplayNoteVisuals.cpp"><Filter>GameScene\RhythmTestScene\Submodules</Filter></ClCompile>
    <ClCompile Include="GameScene\RhythmTestScene\Submodules\GameplayPresenter.cpp"><Filter>GameScene\RhythmTestScene\Submodules</Filter></ClCompile>
    <ClInclude Include="GameScene\RhythmTestScene\Submodules\GameplayPresenter.h"><Filter>GameScene\RhythmTestScene\Submodules</Filter></ClInclude>
    <ClCompile Include="GameScene\RhythmTestScene\Submodules\GameplaySessionController.cpp"><Filter>GameScene\RhythmTestScene\Submodules</Filter></ClCompile>
    <ClInclude Include="GameScene\RhythmTestScene\Submodules\GameplaySessionController.h"><Filter>GameScene\RhythmTestScene\Submodules</Filter></ClInclude>
    <ClCompile Include="GameScene\RhythmTestScene\Submodules\GameplaySessionFactory.cpp"><Filter>GameScene\RhythmTestScene\Submodules</Filter></ClCompile>
    <ClInclude Include="GameScene\RhythmTestScene\Submodules\GameplaySupport.h"><Filter>GameScene\RhythmTestScene\Submodules</Filter></ClInclude>
    <ClCompile Include="Pch.cpp"></ClCompile>
    <ClInclude Include="Pch.h"></ClInclude>
    <ClCompile Include="Presentation\LaneKeyBeam.cpp"><Filter>Presentation</Filter></ClCompile>
    <ClInclude Include="Presentation\LaneKeyBeam.h"><Filter>Presentation</Filter></ClInclude>
    <ClCompile Include="Presentation\MarqueeTextComponent.cpp"><Filter>Presentation</Filter></ClCompile>
    <ClInclude Include="Presentation\MarqueeTextComponent.h"><Filter>Presentation</Filter></ClInclude>
    <ClCompile Include="Presentation\OptionsPanel.cpp"><Filter>Presentation</Filter></ClCompile>
    <ClInclude Include="Presentation\OptionsPanel.h"><Filter>Presentation</Filter></ClInclude>
    <ClCompile Include="Texts\EditorScene\EditorTexts.cpp"><Filter>Texts\EditorScene</Filter></ClCompile>
    <ClInclude Include="Texts\EditorScene\EditorTexts.h"><Filter>Texts\EditorScene</Filter></ClInclude>
    <ClCompile Include="Texts\GameScene\FingerDrumLogoScene\LogoTexts.cpp"><Filter>Texts\GameScene\FingerDrumLogoScene</Filter></ClCompile>
    <ClInclude Include="Texts\GameScene\FingerDrumLogoScene\LogoTexts.h"><Filter>Texts\GameScene\FingerDrumLogoScene</Filter></ClInclude>
    <ClCompile Include="Texts\GameScene\MusicSelectScene\MusicSelectTexts.cpp"><Filter>Texts\GameScene\MusicSelectScene</Filter></ClCompile>
    <ClInclude Include="Texts\GameScene\MusicSelectScene\MusicSelectTexts.h"><Filter>Texts\GameScene\MusicSelectScene</Filter></ClInclude>
    <ClCompile Include="Texts\GameScene\RhythmTestScene\GameplayTexts.cpp"><Filter>Texts\GameScene\RhythmTestScene</Filter></ClCompile>
    <ClInclude Include="Texts\GameScene\RhythmTestScene\GameplayTexts.h"><Filter>Texts\GameScene\RhythmTestScene</Filter></ClInclude>
    <ClCompile Include="Texts\Options\OptionTexts.cpp"><Filter>Texts\Options</Filter></ClCompile>
    <ClInclude Include="Texts\Options\OptionTexts.h"><Filter>Texts\Options</Filter></ClInclude>
    <ClCompile Include="Texts\TextCatalog.cpp"><Filter>Texts</Filter></ClCompile>
    <ClInclude Include="Texts\TextCatalog.h"><Filter>Texts</Filter></ClInclude>
<None Include="Assets\Unused\Sounds\pop.wav"><Filter>Assets\Unused\Sounds</Filter></None>
  </ItemGroup>
</Project>
