<?xml version="1.0" encoding="utf-8"?>
<Project ToolsVersion="4.0" xmlns="http://schemas.microsoft.com/developer/msbuild/2003">
  <ItemGroup>
    <Filter Include="App">
      <UniqueIdentifier>{50555555-5555-4555-8555-555555555551}</UniqueIdentifier>
    </Filter>
    <Filter Include="Audio">
      <UniqueIdentifier>{50555555-5555-4555-8555-555555555567}</UniqueIdentifier>
    </Filter>
    <Filter Include="Examples">
      <UniqueIdentifier>{50555555-5555-4555-8555-555555555559}</UniqueIdentifier>
    </Filter>
    <Filter Include="Examples\ColoredCube">
      <UniqueIdentifier>{50555555-5555-4555-8555-555555555560}</UniqueIdentifier>
    </Filter>
    <Filter Include="Examples\ColoredCube\App">
      <UniqueIdentifier>{50555555-5555-4555-8555-555555555561}</UniqueIdentifier>
    </Filter>
    <Filter Include="Examples\ColoredCube\GameFlow">
      <UniqueIdentifier>{50555555-5555-4555-8555-555555555562}</UniqueIdentifier>
    </Filter>
    <Filter Include="Examples\ColoredCube\GameScene">
      <UniqueIdentifier>{50555555-5555-4555-8555-555555555563}</UniqueIdentifier>
    </Filter>
    <Filter Include="Examples\ColoredCube\GameScene\Examples">
      <UniqueIdentifier>{50555555-5555-4555-8555-555555555564}</UniqueIdentifier>
    </Filter>
    <Filter Include="GameScene">
      <UniqueIdentifier>{50555555-5555-4555-8555-555555555552}</UniqueIdentifier>
    </Filter>
    <Filter Include="GameFlow">
      <UniqueIdentifier>{50555555-5555-4555-8555-555555555555}</UniqueIdentifier>
    </Filter>
    <Filter Include="Assets">
      <UniqueIdentifier>{50555555-5555-4555-8555-555555555553}</UniqueIdentifier>
    </Filter>
    <Filter Include="Assets\Fonts">
      <UniqueIdentifier>{50555555-5555-4555-8555-555555555554}</UniqueIdentifier>
    </Filter>
    <Filter Include="Assets\Images">
      <UniqueIdentifier>{50555555-5555-4555-8555-555555555558}</UniqueIdentifier>
    </Filter>
    <Filter Include="Assets\Images\Logo">
      <UniqueIdentifier>{50555555-5555-4555-8555-555555555565}</UniqueIdentifier>
    </Filter>
    <Filter Include="Assets\Images\Menu">
      <UniqueIdentifier>{50555555-5555-4555-8555-555555555566}</UniqueIdentifier>
    </Filter>
    <Filter Include="Assets\Sounds">
      <UniqueIdentifier>{50555555-5555-4555-8555-555555555556}</UniqueIdentifier>
    </Filter>
  </ItemGroup>
  <ItemGroup>
    <ClInclude Include="App\FingerDrumGame.h">
      <Filter>App</Filter>
    </ClInclude>
    <ClInclude Include="Audio\GameplayAudioRouter.h">
      <Filter>Audio</Filter>
    </ClInclude>
    <ClInclude Include="Examples\ColoredCube\App\ColoredCubeGame.h">
      <Filter>Examples\ColoredCube\App</Filter>
    </ClInclude>
    <ClInclude Include="Examples\ColoredCube\GameFlow\SceneIds.h">
      <Filter>Examples\ColoredCube\GameFlow</Filter>
    </ClInclude>
    <ClInclude Include="Examples\ColoredCube\GameScene\BlankScene.h">
      <Filter>Examples\ColoredCube\GameScene</Filter>
    </ClInclude>
    <ClInclude Include="Examples\ColoredCube\GameScene\ColoredCubeScene.h">
      <Filter>Examples\ColoredCube\GameScene</Filter>
    </ClInclude>
    <ClInclude Include="Examples\ColoredCube\GameScene\Examples\CollisionExampleScene.h">
      <Filter>Examples\ColoredCube\GameScene\Examples</Filter>
    </ClInclude>
    <ClInclude Include="Examples\ColoredCube\GameScene\Examples\MeshExampleScene.h">
      <Filter>Examples\ColoredCube\GameScene\Examples</Filter>
    </ClInclude>
    <ClInclude Include="Examples\ColoredCube\GameScene\Examples\WidgetExampleScene.h">
      <Filter>Examples\ColoredCube\GameScene\Examples</Filter>
    </ClInclude>
    <ClInclude Include="GameFlow\FingerDrumSceneIds.h">
      <Filter>GameFlow</Filter>
    </ClInclude>
    <ClInclude Include="GameScene\FingerDrumLogoScene.h">
      <Filter>GameScene</Filter>
    </ClInclude>
    <ClInclude Include="GameScene\LobbyScene.h">
      <Filter>GameScene</Filter>
    </ClInclude>
    <ClInclude Include="GameScene\RhythmTestScene.h">
      <Filter>GameScene</Filter>
    </ClInclude>
  </ItemGroup>
  <ItemGroup>
    <ClCompile Include="App\FingerDrumGame.cpp">
      <Filter>App</Filter>
    </ClCompile>
    <ClCompile Include="App\Main.cpp">
      <Filter>App</Filter>
    </ClCompile>
    <ClCompile Include="Audio\GameplayAudioRouter.cpp">
      <Filter>Audio</Filter>
    </ClCompile>
    <ClCompile Include="Examples\ColoredCube\App\ColoredCubeGame.cpp">
      <Filter>Examples\ColoredCube\App</Filter>
    </ClCompile>
    <ClCompile Include="Examples\ColoredCube\GameScene\BlankScene.cpp">
      <Filter>Examples\ColoredCube\GameScene</Filter>
    </ClCompile>
    <ClCompile Include="Examples\ColoredCube\GameScene\ColoredCubeScene.cpp">
      <Filter>Examples\ColoredCube\GameScene</Filter>
    </ClCompile>
    <ClCompile Include="Examples\ColoredCube\GameScene\Examples\CollisionExampleScene.cpp">
      <Filter>Examples\ColoredCube\GameScene\Examples</Filter>
    </ClCompile>
    <ClCompile Include="Examples\ColoredCube\GameScene\Examples\MeshExampleScene.cpp">
      <Filter>Examples\ColoredCube\GameScene\Examples</Filter>
    </ClCompile>
    <ClCompile Include="Examples\ColoredCube\GameScene\Examples\WidgetExampleScene.cpp">
      <Filter>Examples\ColoredCube\GameScene\Examples</Filter>
    </ClCompile>
    <ClCompile Include="GameScene\FingerDrumLogoScene.cpp">
      <Filter>GameScene</Filter>
    </ClCompile>
    <ClCompile Include="GameScene\LobbyScene.cpp">
      <Filter>GameScene</Filter>
    </ClCompile>
    <ClCompile Include="GameScene\RhythmTestScene.cpp">
      <Filter>GameScene</Filter>
    </ClCompile>
  </ItemGroup>
  <ItemGroup>
    <None Include="Assets\awhc.png">
      <Filter>Assets</Filter>
    </None>
    <None Include="Assets\bwhc.png">
      <Filter>Assets</Filter>
    </None>
    <None Include="Assets\Images\Widget1.png">
      <Filter>Assets\Images</Filter>
    </None>
    <None Include="Assets\Images\Widget2.png">
      <Filter>Assets\Images</Filter>
    </None>
    <None Include="Assets\Images\Logo\Center.png">
      <Filter>Assets\Images\Logo</Filter>
    </None>
    <None Include="Assets\Images\Logo\LeftFade.png">
      <Filter>Assets\Images\Logo</Filter>
    </None>
    <None Include="Assets\Images\Logo\RightFade.png">
      <Filter>Assets\Images\Logo</Filter>
    </None>
    <None Include="Assets\Images\Menu\SelectionCursor.png">
      <Filter>Assets\Images\Menu</Filter>
    </None>
    <None Include="Assets\Fonts\PressStart2P-Regular.ttf">
      <Filter>Assets\Fonts</Filter>
    </None>
    <None Include="Assets\Fonts\PressStart2P-OFL.txt">
      <Filter>Assets\Fonts</Filter>
    </None>
    <None Include="Assets\Fonts\Rajdhani-SemiBold.ttf">
      <Filter>Assets\Fonts</Filter>
    </None>
    <None Include="Assets\Fonts\Rajdhani-OFL.txt">
      <Filter>Assets\Fonts</Filter>
    </None>
    <None Include="Assets\Sounds\pop.wav">
      <Filter>Assets\Sounds</Filter>
    </None>
  </ItemGroup>
</Project>
