<?xml version="1.0" encoding="utf-8"?>
<Project ToolsVersion="4.0" xmlns="http://schemas.microsoft.com/developer/msbuild/2003">
  <ItemGroup>
    <Filter Include="Audio" />
    <ClCompile Include="Audio\EditorAudioAnalysis.cpp"><Filter>Audio</Filter></ClCompile>
    <ClInclude Include="Audio\EditorAudioAnalysis.h"><Filter>Audio</Filter></ClInclude>
  </ItemGroup>
</Project>
