<?xml version="1.0" encoding="utf-8"?>
<Project ToolsVersion="4.0" xmlns="http://schemas.microsoft.com/developer/msbuild/2003">
  <ItemGroup>
    <Filter Include="Public">
      <UniqueIdentifier>{B6666666-6666-4666-8666-666666666661}</UniqueIdentifier>
    </Filter>
    <Filter Include="Source">
      <UniqueIdentifier>{B6666666-6666-4666-8666-666666666662}</UniqueIdentifier>
    </Filter>
    <Filter Include="Scripts">
      <UniqueIdentifier>{B6666666-6666-4666-8666-666666666663}</UniqueIdentifier>
    </Filter>
    <Filter Include="Assets">
      <UniqueIdentifier>{B6666666-6666-4666-8666-666666666664}</UniqueIdentifier>
    </Filter>
  </ItemGroup>
  <ItemGroup>
    <ClInclude Include="Public\FingerDrumAssets.h"><Filter>Public</Filter></ClInclude>
    <ClCompile Include="Source\FingerDrumAssets.cpp"><Filter>Source</Filter></ClCompile>
    <None Include="Scripts\GenerateAssetPack.ps1"><Filter>Scripts</Filter></None>
    <None Include="Assets\Fonts\*.*"><Filter>Assets</Filter></None>
    <None Include="Assets\Skins\Default Skin\**\*.*"><Filter>Assets</Filter></None>
    <None Include="Assets\Songs\Music\Angeldream\*.*"><Filter>Assets</Filter></None>
    <None Include="Assets\Songs\Pattern\angeldream\*.ymp"><Filter>Assets</Filter></None>
  </ItemGroup>
</Project>
