<?xml version="1.0" encoding="utf-8"?>
<Project ToolsVersion="4.0" xmlns="http://schemas.microsoft.com/developer/msbuild/2003">
  <ItemGroup>
    <Filter Include="Mode" />
    <Filter Include="Mode\Submodules" />
    <Filter Include="Taiko" />
    <Filter Include="Taiko\Submodules" />
    <ClCompile Include="Mode\PlayGameMode.cpp"><Filter>Mode</Filter></ClCompile>
    <ClInclude Include="Mode\PlayGameMode.h"><Filter>Mode</Filter></ClInclude>
    <ClInclude Include="Mode\Submodules\NoteVisualKind.h"><Filter>Mode\Submodules</Filter></ClInclude>
    <ClCompile Include="Mode\Submodules\PlaySession.cpp"><Filter>Mode\Submodules</Filter></ClCompile>
    <ClInclude Include="Mode\Submodules\PlaySession.h"><Filter>Mode\Submodules</Filter></ClInclude>
    <ClInclude Include="Mode\Submodules\PlaySessionTypes.h"><Filter>Mode\Submodules</Filter></ClInclude>
    <ClInclude Include="Taiko\Submodules\TaikoBuildSupport.h"><Filter>Taiko\Submodules</Filter></ClInclude>
    <ClInclude Include="Taiko\Submodules\TaikoInputBinding.h"><Filter>Taiko\Submodules</Filter></ClInclude>
    <ClCompile Include="Taiko\Submodules\TaikoLongNoteFactory.cpp"><Filter>Taiko\Submodules</Filter></ClCompile>
    <ClInclude Include="Taiko\Submodules\TaikoNoteDefinition.h"><Filter>Taiko\Submodules</Filter></ClInclude>
    <ClCompile Include="Taiko\Submodules\TaikoSessionBuilder.cpp"><Filter>Taiko\Submodules</Filter></ClCompile>
    <ClInclude Include="Taiko\Submodules\TaikoSessionBuilder.h"><Filter>Taiko\Submodules</Filter></ClInclude>
    <ClInclude Include="Taiko\Submodules\TaikoSoundIds.h"><Filter>Taiko\Submodules</Filter></ClInclude>
    <ClCompile Include="Taiko\Submodules\TaikoSoundPolicy.cpp"><Filter>Taiko\Submodules</Filter></ClCompile>
    <ClCompile Include="Taiko\TaikoMode.cpp"><Filter>Taiko</Filter></ClCompile>
    <ClInclude Include="Taiko\TaikoMode.h"><Filter>Taiko</Filter></ClInclude>
  </ItemGroup>
</Project>
