<?xml version="1.0" encoding="utf-8"?>
<Project ToolsVersion="4.0" xmlns="http://schemas.microsoft.com/developer/msbuild/2003">
  <ItemGroup>
    <Filter Include="Common"><UniqueIdentifier>{A1111111-1111-4111-8111-111111111101}</UniqueIdentifier></Filter>
    <Filter Include="Time"><UniqueIdentifier>{A1111111-1111-4111-8111-111111111102}</UniqueIdentifier></Filter>
    <Filter Include="Judgement"><UniqueIdentifier>{A1111111-1111-4111-8111-111111111103}</UniqueIdentifier></Filter>
    <Filter Include="Note"><UniqueIdentifier>{A1111111-1111-4111-8111-111111111104}</UniqueIdentifier></Filter>
    <Filter Include="Lane"><UniqueIdentifier>{A1111111-1111-4111-8111-111111111105}</UniqueIdentifier></Filter>
    <Filter Include="Scroll"><UniqueIdentifier>{A1111111-1111-4111-8111-111111111106}</UniqueIdentifier></Filter>
  </ItemGroup>
  <ItemGroup>
    <ClInclude Include="Common\RhythmTypes.h"><Filter>Common</Filter></ClInclude>
    <ClInclude Include="Time\RhythmTimer.h"><Filter>Time</Filter></ClInclude>
    <ClInclude Include="Judgement\JudgementProfile.h"><Filter>Judgement</Filter></ClInclude>
    <ClInclude Include="Note\Note.h"><Filter>Note</Filter></ClInclude>
    <ClInclude Include="Lane\Lane.h"><Filter>Lane</Filter></ClInclude>
    <ClInclude Include="Scroll\ScrollGear.h"><Filter>Scroll</Filter></ClInclude>
  </ItemGroup>
  <ItemGroup>
    <ClCompile Include="Time\RhythmTimer.cpp"><Filter>Time</Filter></ClCompile>
    <ClCompile Include="Judgement\JudgementProfile.cpp"><Filter>Judgement</Filter></ClCompile>
    <ClCompile Include="Note\Note.cpp"><Filter>Note</Filter></ClCompile>
    <ClCompile Include="Lane\Lane.cpp"><Filter>Lane</Filter></ClCompile>
    <ClCompile Include="Scroll\ScrollGear.cpp"><Filter>Scroll</Filter></ClCompile>
  </ItemGroup>
</Project>
